
Microsoft Visual Studio Solution File, Format Version 12.00
Project("{FAE04EC0-301F-11D3-BF4B-00C04F79EFBC}") = "DynamicAPI", "DynamicAPI\DynamicAPI.csproj", "{D85411C0-D308-46D2-81EA-2A5670A392A5}"
EndProject
Project("{FAE04EC0-301F-11D3-BF4B-00C04F79EFBC}") = "SayHello", "SayHello\SayHello.csproj", "{708D3E04-263A-4D5B-A433-1B0AF3AFD3D0}"
EndProject
Global
	GlobalSection(SolutionConfigurationPlatforms) = preSolution
		Debug|Any CPU = Debug|Any CPU
		Release|Any CPU = Release|Any CPU
	EndGlobalSection
	GlobalSection(ProjectConfigurationPlatforms) = postSolution
		{D85411C0-D308-46D2-81EA-2A5670A392A5}.Debug|Any CPU.ActiveCfg = Debug|Any CPU
		{D85411C0-D308-46D2-81EA-2A5670A392A5}.Debug|Any CPU.Build.0 = Debug|Any CPU
		{D85411C0-D308-46D2-81EA-2A5670A392A5}.Release|Any CPU.ActiveCfg = Release|Any CPU
		{D85411C0-D308-46D2-81EA-2A5670A392A5}.Release|Any CPU.Build.0 = Release|Any CPU
		{708D3E04-263A-4D5B-A433-1B0AF3AFD3D0}.Debug|Any CPU.ActiveCfg = Debug|Any CPU
		{708D3E04-263A-4D5B-A433-1B0AF3AFD3D0}.Debug|Any CPU.Build.0 = Debug|Any CPU
		{708D3E04-263A-4D5B-A433-1B0AF3AFD3D0}.Release|Any CPU.ActiveCfg = Release|Any CPU
		{708D3E04-263A-4D5B-A433-1B0AF3AFD3D0}.Release|Any CPU.Build.0 = Release|Any CPU
	EndGlobalSection
EndGlobal
